
Microsoft Visual Studio Solution File, Format Version 12.00
# Visual Studio 15
VisualStudioVersion = 15.0.27428.2043
MinimumVisualStudioVersion = 10.0.40219.1
Project("{FAE04EC0-301F-11D3-BF4B-00C04F79EFBC}") = "QuizAppBallot", "QuizApplicationMVC5\QuizAppBallot.csproj", "{BBD182A7-AB91-4E8C-8144-D3D37FB0751F}"
EndProject
Global
	GlobalSection(SolutionConfigurationPlatforms) = preSolution
		Debug|Any CPU = Debug|Any CPU
		Release|Any CPU = Release|Any CPU
	EndGlobalSection
	GlobalSection(ProjectConfigurationPlatforms) = postSolution
		{BBD182A7-AB91-4E8C-8144-D3D37FB0751F}.Debug|Any CPU.ActiveCfg = Debug|Any CPU
		{BBD182A7-AB91-4E8C-8144-D3D37FB0751F}.Debug|Any CPU.Build.0 = Debug|Any CPU
		{BBD182A7-AB91-4E8C-8144-D3D37FB0751F}.Release|Any CPU.ActiveCfg = Release|Any CPU
		{BBD182A7-AB91-4E8C-8144-D3D37FB0751F}.Release|Any CPU.Build.0 = Release|Any CPU
	EndGlobalSection
	GlobalSection(SolutionProperties) = preSolution
		HideSolutionNode = FALSE
	EndGlobalSection
	GlobalSection(ExtensibilityGlobals) = postSolution
		SolutionGuid = {4CE1D102-21E0-46E8-9806-B58E557D6C62}
	EndGlobalSection
EndGlobal
