
Microsoft Visual Studio Solution File, Format Version 12.00
# Visual Studio 15
VisualStudioVersion = 15.0.27428.2043
MinimumVisualStudioVersion = 10.0.40219.1
Project("{FAE04EC0-301F-11D3-BF4B-00C04F79EFBC}") = "wpBallot", "wpBallot\wpBallot.csproj", "{044C4295-F274-49B8-A5FD-B3CC3C3F587F}"
EndProject
Global
	GlobalSection(SolutionConfigurationPlatforms) = preSolution
		Debug|Any CPU = Debug|Any CPU
		Release|Any CPU = Release|Any CPU
	EndGlobalSection
	GlobalSection(ProjectConfigurationPlatforms) = postSolution
		{044C4295-F274-49B8-A5FD-B3CC3C3F587F}.Debug|Any CPU.ActiveCfg = Debug|Any CPU
		{044C4295-F274-49B8-A5FD-B3CC3C3F587F}.Debug|Any CPU.Build.0 = Debug|Any CPU
		{044C4295-F274-49B8-A5FD-B3CC3C3F587F}.Release|Any CPU.ActiveCfg = Release|Any CPU
		{044C4295-F274-49B8-A5FD-B3CC3C3F587F}.Release|Any CPU.Build.0 = Release|Any CPU
	EndGlobalSection
	GlobalSection(SolutionProperties) = preSolution
		HideSolutionNode = FALSE
	EndGlobalSection
	GlobalSection(ExtensibilityGlobals) = postSolution
		SolutionGuid = {FC150B3F-DDF3-451E-8A4E-23FD0EDB5B66}
	EndGlobalSection
EndGlobal
